<Solution>
  <Project Path="UserManagement.DBScriptExecuter/VGProducts.DBScriptExecuter.csproj" Id="219aad43-a257-42ea-9044-2c1c2c935024" />
  <Project Path="VGProduct.Test/VGProducts.Test.csproj" Id="81ac4c8e-6d83-420d-bcb6-6be9875b4f05" />
  <Project Path="VGProducts.API/VGProducts.API.csproj" />
  <Project Path="VGProducts.Entities/VGProducts.Entities.csproj" />
  <Project Path="VGProducts.UnitTest/VGProducts.Unit.csproj" />
  <Project Path="VGPrograms.Business/VGProducts.Business.csproj" />
  <Project Path="VGPrograms.Repository/VGProducts.Repository.csproj" />
  <Project Path="VGPrograms.Service/VGProducts.Service.csproj" />
</Solution>
